
Microsoft Visual Studio Solution File, Format Version 12.00
# Visual Studio Version 17
VisualStudioVersion = 17.2.32630.192
MinimumVisualStudioVersion = 10.0.40219.1
Project("{9A19103F-16F7-4668-BE54-9A1E7A4F7556}") = "YieldConsole", "YieldConsole\YieldConsole.csproj", "{17EA5B6E-AC1E-4B25-8EB3-1E034F6D83F5}"
EndProject
Project("{2150E333-8FDC-42A3-9474-1A3956D46DE8}") = "Console", "Console", "{02E67789-7ED3-4DED-B58B-D00EA62F5667}"
EndProject
Project("{FAE04EC0-301F-11D3-BF4B-00C04F79EFBC}") = "YieldFile", "YieldFile\YieldFile.csproj", "{00639447-B121-47ED-8DCA-3FDDA229119A}"
EndProject
Global
	GlobalSection(SolutionConfigurationPlatforms) = preSolution
		Debug|Any CPU = Debug|Any CPU
		Release|Any CPU = Release|Any CPU
	EndGlobalSection
	GlobalSection(ProjectConfigurationPlatforms) = postSolution
		{17EA5B6E-AC1E-4B25-8EB3-1E034F6D83F5}.Debug|Any CPU.ActiveCfg = Debug|Any CPU
		{17EA5B6E-AC1E-4B25-8EB3-1E034F6D83F5}.Debug|Any CPU.Build.0 = Debug|Any CPU
		{17EA5B6E-AC1E-4B25-8EB3-1E034F6D83F5}.Release|Any CPU.ActiveCfg = Release|Any CPU
		{17EA5B6E-AC1E-4B25-8EB3-1E034F6D83F5}.Release|Any CPU.Build.0 = Release|Any CPU
		{00639447-B121-47ED-8DCA-3FDDA229119A}.Debug|Any CPU.ActiveCfg = Debug|Any CPU
		{00639447-B121-47ED-8DCA-3FDDA229119A}.Debug|Any CPU.Build.0 = Debug|Any CPU
		{00639447-B121-47ED-8DCA-3FDDA229119A}.Release|Any CPU.ActiveCfg = Release|Any CPU
		{00639447-B121-47ED-8DCA-3FDDA229119A}.Release|Any CPU.Build.0 = Release|Any CPU
	EndGlobalSection
	GlobalSection(SolutionProperties) = preSolution
		HideSolutionNode = FALSE
	EndGlobalSection
	GlobalSection(NestedProjects) = preSolution
		{17EA5B6E-AC1E-4B25-8EB3-1E034F6D83F5} = {02E67789-7ED3-4DED-B58B-D00EA62F5667}
	EndGlobalSection
	GlobalSection(ExtensibilityGlobals) = postSolution
		SolutionGuid = {0E4749F3-84D2-435E-8930-13A4506D5A5E}
	EndGlobalSection
EndGlobal
